// !$*UTF8*$!
{
	archiveVersion = 1;
	classes = {
	};
	objectVersion = 46;
	objects = {

/* Begin PBXBuildFile section */
		A033142D1AD0F160007FF290 /* main.m in Sources */ = {isa = PBXBuildFile; fileRef = A033142C1AD0F160007FF290 /* main.m */; };
		A03314301AD0F160007FF290 /* AppDelegate.m in Sources */ = {isa = PBXBuildFile; fileRef = A033142F1AD0F160007FF290 /* AppDelegate.m */; };
		A03314331AD0F160007FF290 /* ViewController.m in Sources */ = {isa = PBXBuildFile; fileRef = A03314321AD0F160007FF290 /* ViewController.m */; };
		A03314361AD0F160007FF290 /* Main.storyboard in Resources */ = {isa = PBXBuildFile; fileRef = A03314341AD0F160007FF290 /* Main.storyboard */; };
		A03314381AD0F160007FF290 /* Images.xcassets in Resources */ = {isa = PBXBuildFile; fileRef = A03314371AD0F160007FF290 /* Images.xcassets */; };
		A033143B1AD0F160007FF290 /* LaunchScreen.xib in Resources */ = {isa = PBXBuildFile; fileRef = A03314391AD0F160007FF290 /* LaunchScreen.xib */; };
		A03314471AD0F161007FF290 /* Test_iBeaconBroadcastTests.m in Sources */ = {isa = PBXBuildFile; fileRef = A03314461AD0F161007FF290 /* Test_iBeaconBroadcastTests.m */; };
		A03314511AD0F1C6007FF290 /* CoreLocation.framework in Frameworks */ = {isa = PBXBuildFile; fileRef = A03314501AD0F1C6007FF290 /* CoreLocation.framework */; };
		A03314531AD0F1CA007FF290 /* CoreBluetooth.framework in Frameworks */ = {isa = PBXBuildFile; fileRef = A03314521AD0F1CA007FF290 /* CoreBluetooth.framework */; };
/* End PBXBuildFile section */

/* Begin PBXContainerItemProxy section */
		A03314411AD0F161007FF290 /* PBXContainerItemProxy */ = {
			isa = PBXContainerItemProxy;
			containerPortal = A033141F1AD0F160007FF290 /* Project object */;
			proxyType = 1;
			remoteGlobalIDString = A03314261AD0F160007FF290;
			remoteInfo = Test_iBeaconBroadcast;
		};
/* End PBXContainerItemProxy section */

/* Begin PBXFileReference section */
		A03314271AD0F160007FF290 /* Test_iBeaconBroadcast.app */ = {isa = PBXFileReference; explicitFileType = wrapper.application; includeInIndex = 0; path = Test_iBeaconBroadcast.app; sourceTree = BUILT_PRODUCTS_DIR; };
		A033142B1AD0F160007FF290 /* Info.plist */ = {isa = PBXFileReference; lastKnownFileType = text.plist.xml; path = Info.plist; sourceTree = "<group>"; };
		A033142C1AD0F160007FF290 /* main.m */ = {isa = PBXFileReference; lastKnownFileType = sourcecode.c.objc; path = main.m; sourceTree = "<group>"; };
		A033142E1AD0F160007FF290 /* AppDelegate.h */ = {isa = PBXFileReference; lastKnownFileType = sourcecode.c.h; path = AppDelegate.h; sourceTree = "<group>"; };
		A033142F1AD0F160007FF290 /* AppDelegate.m */ = {isa = PBXFileReference; lastKnownFileType = sourcecode.c.objc; path = AppDelegate.m; sourceTree = "<group>"; };
		A03314311AD0F160007FF290 /* ViewController.h */ = {isa = PBXFileReference; lastKnownFileType = sourcecode.c.h; path = ViewController.h; sourceTree = "<group>"; };
		A03314321AD0F160007FF290 /* ViewController.m */ = {isa = PBXFileReference; lastKnownFileType = sourcecode.c.objc; path = ViewController.m; sourceTree = "<group>"; };
		A03314351AD0F160007FF290 /* Base */ = {isa = PBXFileReference; lastKnownFileType = file.storyboard; name = Base; path = Base.lproj/Main.storyboard; sourceTree = "<group>"; };
		A03314371AD0F160007FF290 /* Images.xcassets */ = {isa = PBXFileReference; lastKnownFileType = folder.assetcatalog; path = Images.xcassets; sourceTree = "<group>"; };
		A033143A1AD0F160007FF290 /* Base */ = {isa = PBXFileReference; lastKnownFileType = file.xib; name = Base; path = Base.lproj/LaunchScreen.xib; sourceTree = "<group>"; };
		A03314401AD0F161007FF290 /* Test_iBeaconBroadcastTests.xctest */ = {isa = PBXFileReference; explicitFileType = wrapper.cfbundle; includeInIndex = 0; path = Test_iBeaconBroadcastTests.xctest; sourceTree = BUILT_PRODUCTS_DIR; };
		A03314451AD0F161007FF290 /* Info.plist */ = {isa = PBXFileReference; lastKnownFileType = text.plist.xml; path = Info.plist; sourceTree = "<group>"; };
		A03314461AD0F161007FF290 /* Test_iBeaconBroadcastTests.m */ = {isa = PBXFileReference; lastKnownFileType = sourcecode.c.objc; path = Test_iBeaconBroadcastTests.m; sourceTree = "<group>"; };
		A03314501AD0F1C6007FF290 /* CoreLocation.framework */ = {isa = PBXFileReference; lastKnownFileType = wrapper.framework; name = CoreLocation.framework; path = System/Library/Frameworks/CoreLocation.framework; sourceTree = SDKROOT; };
		A03314521AD0F1CA007FF290 /* CoreBluetooth.framework */ = {isa = PBXFileReference; lastKnownFileType = wrapper.framework; name = CoreBluetooth.framework; path = System/Library/Frameworks/CoreBluetooth.framework; sourceTree = SDKROOT; };
/* End PBXFileReference section */

/* Begin PBXFrameworksBuildPhase section */
		A03314241AD0F160007FF290 /* Frameworks */ = {
			isa = PBXFrameworksBuildPhase;
			buildActionMask = 2147483647;
			files = (
				A03314531AD0F1CA007FF290 /* CoreBluetooth.framework in Frameworks */,
				A03314511AD0F1C6007FF290 /* CoreLocation.framework in Frameworks */,
			);
			runOnlyForDeploymentPostprocessing = 0;
		};
		A033143D1AD0F161007FF290 /* Frameworks */ = {
			isa = PBXFrameworksBuildPhase;
			buildActionMask = 2147483647;
			files = (
			);
			runOnlyForDeploymentPostprocessing = 0;
		};
/* End PBXFrameworksBuildPhase section */

/* Begin PBXGroup section */
		A033141E1AD0F160007FF290 = {
			isa = PBXGroup;
			children = (
				A03314521AD0F1CA007FF290 /* CoreBluetooth.framework */,
				A03314501AD0F1C6007FF290 /* CoreLocation.framework */,
				A03314291AD0F160007FF290 /* Test_iBeaconBroadcast */,
				A03314431AD0F161007FF290 /* Test_iBeaconBroadcastTests */,
				A03314281AD0F160007FF290 /* Products */,
			);
			sourceTree = "<group>";
		};
		A03314281AD0F160007FF290 /* Products */ = {
			isa = PBXGroup;
			children = (
				A03314271AD0F160007FF290 /* Test_iBeaconBroadcast.app */,
				A03314401AD0F161007FF290 /* Test_iBeaconBroadcastTests.xctest */,
			);
			name = Products;
			sourceTree = "<group>";
		};
		A03314291AD0F160007FF290 /* Test_iBeaconBroadcast */ = {
			isa = PBXGroup;
			children = (
				A033142E1AD0F160007FF290 /* AppDelegate.h */,
				A033142F1AD0F160007FF290 /* AppDelegate.m */,
				A03314311AD0F160007FF290 /* ViewController.h */,
				A03314321AD0F160007FF290 /* ViewController.m */,
				A03314341AD0F160007FF290 /* Main.storyboard */,
				A03314371AD0F160007FF290 /* Images.xcassets */,
				A03314391AD0F160007FF290 /* LaunchScreen.xib */,
				A033142A1AD0F160007FF290 /* Supporting Files */,
			);
			path = Test_iBeaconBroadcast;
			sourceTree = "<group>";
		};
		A033142A1AD0F160007FF290 /* Supporting Files */ = {
			isa = PBXGroup;
			children = (
				A033142B1AD0F160007FF290 /* Info.plist */,
				A033142C1AD0F160007FF290 /* main.m */,
			);
			name = "Supporting Files";
			sourceTree = "<group>";
		};
		A03314431AD0F161007FF290 /* Test_iBeaconBroadcastTests */ = {
			isa = PBXGroup;
			children = (
				A03314461AD0F161007FF290 /* Test_iBeaconBroadcastTests.m */,
				A03314441AD0F161007FF290 /* Supporting Files */,
			);
			path = Test_iBeaconBroadcastTests;
			sourceTree = "<group>";
		};
		A03314441AD0F161007FF290 /* Supporting Files */ = {
			isa = PBXGroup;
			children = (
				A03314451AD0F161007FF290 /* Info.plist */,
			);
			name = "Supporting Files";
			sourceTree = "<group>";
		};
/* End PBXGroup section */

/* Begin PBXNativeTarget section */
		A03314261AD0F160007FF290 /* Test_iBeaconBroadcast */ = {
			isa = PBXNativeTarget;
			buildConfigurationList = A033144A1AD0F161007FF290 /* Build configuration list for PBXNativeTarget "Test_iBeaconBroadcast" */;
			buildPhases = (
				A03314231AD0F160007FF290 /* Sources */,
				A03314241AD0F160007FF290 /* Frameworks */,
				A03314251AD0F160007FF290 /* Resources */,
			);
			buildRules = (
			);
			dependencies = (
			);
			name = Test_iBeaconBroadcast;
			productName = Test_iBeaconBroadcast;
			productReference = A03314271AD0F160007FF290 /* Test_iBeaconBroadcast.app */;
			productType = "com.apple.product-type.application";
		};
		A033143F1AD0F161007FF290 /* Test_iBeaconBroadcastTests */ = {
			isa = PBXNativeTarget;
			buildConfigurationList = A033144D1AD0F161007FF290 /* Build configuration list for PBXNativeTarget "Test_iBeaconBroadcastTests" */;
			buildPhases = (
				A033143C1AD0F161007FF290 /* Sources */,
				A033143D1AD0F161007FF290 /* Frameworks */,
				A033143E1AD0F161007FF290 /* Resources */,
			);
			buildRules = (
			);
			dependencies = (
				A03314421AD0F161007FF290 /* PBXTargetDependency */,
			);
			name = Test_iBeaconBroadcastTests;
			productName = Test_iBeaconBroadcastTests;
			productReference = A03314401AD0F161007FF290 /* Test_iBeaconBroadcastTests.xctest */;
			productType = "com.apple.product-type.bundle.unit-test";
		};
/* End PBXNativeTarget section */

/* Begin PBXProject section */
		A033141F1AD0F160007FF290 /* Project object */ = {
			isa = PBXProject;
			attributes = {
				LastUpgradeCheck = 0620;
				ORGANIZATIONNAME = "Eduardo Flores";
				TargetAttributes = {
					A03314261AD0F160007FF290 = {
						CreatedOnToolsVersion = 6.2;
					};
					A033143F1AD0F161007FF290 = {
						CreatedOnToolsVersion = 6.2;
						TestTargetID = A03314261AD0F160007FF290;
					};
				};
			};
			buildConfigurationList = A03314221AD0F160007FF290 /* Build configuration list for PBXProject "Test_iBeaconBroadcast" */;
			compatibilityVersion = "Xcode 3.2";
			developmentRegion = English;
			hasScannedForEncodings = 0;
			knownRegions = (
				en,
				Base,
			);
			mainGroup = A033141E1AD0F160007FF290;
			productRefGroup = A03314281AD0F160007FF290 /* Products */;
			projectDirPath = "";
			projectRoot = "";
			targets = (
				A03314261AD0F160007FF290 /* Test_iBeaconBroadcast */,
				A033143F1AD0F161007FF290 /* Test_iBeaconBroadcastTests */,
			);
		};
/* End PBXProject section */

/* Begin PBXResourcesBuildPhase section */
		A03314251AD0F160007FF290 /* Resources */ = {
			isa = PBXResourcesBuildPhase;
			buildActionMask = 2147483647;
			files = (
				A03314361AD0F160007FF290 /* Main.storyboard in Resources */,
				A033143B1AD0F160007FF290 /* LaunchScreen.xib in Resources */,
				A03314381AD0F160007FF290 /* Images.xcassets in Resources */,
			);
			runOnlyForDeploymentPostprocessing = 0;
		};
		A033143E1AD0F161007FF290 /* Resources */ = {
			isa = PBXResourcesBuildPhase;
			buildActionMask = 2147483647;
			files = (
			);
			runOnlyForDeploymentPostprocessing = 0;
		};
/* End PBXResourcesBuildPhase section */

/* Begin PBXSourcesBuildPhase section */
		A03314231AD0F160007FF290 /* Sources */ = {
			isa = PBXSourcesBuildPhase;
			buildActionMask = 2147483647;
			files = (
				A03314331AD0F160007FF290 /* ViewController.m in Sources */,
				A03314301AD0F160007FF290 /* AppDelegate.m in Sources */,
				A033142D1AD0F160007FF290 /* main.m in Sources */,
			);
			runOnlyForDeploymentPostprocessing = 0;
		};
		A033143C1AD0F161007FF290 /* Sources */ = {
			isa = PBXSourcesBuildPhase;
			buildActionMask = 2147483647;
			files = (
				A03314471AD0F161007FF290 /* Test_iBeaconBroadcastTests.m in Sources */,
			);
			runOnlyForDeploymentPostprocessing = 0;
		};
/* End PBXSourcesBuildPhase section */

/* Begin PBXTargetDependency section */
		A03314421AD0F161007FF290 /* PBXTargetDependency */ = {
			isa = PBXTargetDependency;
			target = A03314261AD0F160007FF290 /* Test_iBeaconBroadcast */;
			targetProxy = A03314411AD0F161007FF290 /* PBXContainerItemProxy */;
		};
/* End PBXTargetDependency section */

/* Begin PBXVariantGroup section */
		A03314341AD0F160007FF290 /* Main.storyboard */ = {
			isa = PBXVariantGroup;
			children = (
				A03314351AD0F160007FF290 /* Base */,
			);
			name = Main.storyboard;
			sourceTree = "<group>";
		};
		A03314391AD0F160007FF290 /* LaunchScreen.xib */ = {
			isa = PBXVariantGroup;
			children = (
				A033143A1AD0F160007FF290 /* Base */,
			);
			name = LaunchScreen.xib;
			sourceTree = "<group>";
		};
/* End PBXVariantGroup section */

/* Begin XCBuildConfiguration section */
		A03314481AD0F161007FF290 /* Debug */ = {
			isa = XCBuildConfiguration;
			buildSettings = {
				ALWAYS_SEARCH_USER_PATHS = NO;
				CLANG_CXX_LANGUAGE_STANDARD = "gnu++0x";
				CLANG_CXX_LIBRARY = "libc++";
				CLANG_ENABLE_MODULES = YES;
				CLANG_ENABLE_OBJC_ARC = YES;
				CLANG_WARN_BOOL_CONVERSION = YES;
				CLANG_WARN_CONSTANT_CONVERSION = YES;
				CLANG_WARN_DIRECT_OBJC_ISA_USAGE = YES_ERROR;
				CLANG_WARN_EMPTY_BODY = YES;
				CLANG_WARN_ENUM_CONVERSION = YES;
				CLANG_WARN_INT_CONVERSION = YES;
				CLANG_WARN_OBJC_ROOT_CLASS = YES_ERROR;
				CLANG_WARN_UNREACHABLE_CODE = YES;
				CLANG_WARN__DUPLICATE_METHOD_MATCH = YES;
				"CODE_SIGN_IDENTITY[sdk=iphoneos*]" = "iPhone Developer";
				COPY_PHASE_STRIP = NO;
				ENABLE_STRICT_OBJC_MSGSEND = YES;
				GCC_C_LANGUAGE_STANDARD = gnu99;
				GCC_DYNAMIC_NO_PIC = NO;
				GCC_OPTIMIZATION_LEVEL = 0;
				GCC_PREPROCESSOR_DEFINITIONS = (
					"DEBUG=1",
					"$(inherited)",
				);
				GCC_SYMBOLS_PRIVATE_EXTERN = NO;
				GCC_WARN_64_TO_32_BIT_CONVERSION = YES;
				GCC_WARN_ABOUT_RETURN_TYPE = YES_ERROR;
				GCC_WARN_UNDECLARED_SELECTOR = YES;
				GCC_WARN_UNINITIALIZED_AUTOS = YES_AGGRESSIVE;
				GCC_WARN_UNUSED_FUNCTION = YES;
				GCC_WARN_UNUSED_VARIABLE = YES;
				IPHONEOS_DEPLOYMENT_TARGET = 8.2;
				MTL_ENABLE_DEBUG_INFO = YES;
				ONLY_ACTIVE_ARCH = YES;
				SDKROOT = iphoneos;
			};
			name = Debug;
		};
		A03314491AD0F161007FF290 /* Release */ = {
			isa = XCBuildConfiguration;
			buildSettings = {
				ALWAYS_SEARCH_USER_PATHS = NO;
				CLANG_CXX_LANGUAGE_STANDARD = "gnu++0x";
				CLANG_CXX_LIBRARY = "libc++";
				CLANG_ENABLE_MODULES = YES;
				CLANG_ENABLE_OBJC_ARC = YES;
				CLANG_WARN_BOOL_CONVERSION = YES;
				CLANG_WARN_CONSTANT_CONVERSION = YES;
				CLANG_WARN_DIRECT_OBJC_ISA_USAGE = YES_ERROR;
				CLANG_WARN_EMPTY_BODY = YES;
				CLANG_WARN_ENUM_CONVERSION = YES;
				CLANG_WARN_INT_CONVERSION = YES;
				CLANG_WARN_OBJC_ROOT_CLASS = YES_ERROR;
				CLANG_WARN_UNREACHABLE_CODE = YES;
				CLANG_WARN__DUPLICATE_METHOD_MATCH = YES;
				"CODE_SIGN_IDENTITY[sdk=iphoneos*]" = "iPhone Developer";
				COPY_PHASE_STRIP = NO;
				ENABLE_NS_ASSERTIONS = NO;
				ENABLE_STRICT_OBJC_MSGSEND = YES;
				GCC_C_LANGUAGE_STANDARD = gnu99;
				GCC_WARN_64_TO_32_BIT_CONVERSION = YES;
				GCC_WARN_ABOUT_RETURN_TYPE = YES_ERROR;
				GCC_WARN_UNDECLARED_SELECTOR = YES;
				GCC_WARN_UNINITIALIZED_AUTOS = YES_AGGRESSIVE;
				GCC_WARN_UNUSED_FUNCTION = YES;
				GCC_WARN_UNUSED_VARIABLE = YES;
				IPHONEOS_DEPLOYMENT_TARGET = 8.2;
				MTL_ENABLE_DEBUG_INFO = NO;
				SDKROOT = iphoneos;
				VALIDATE_PRODUCT = YES;
			};
			name = Release;
		};
		A033144B1AD0F161007FF290 /* Debug */ = {
			isa = XCBuildConfiguration;
			buildSettings = {
				ASSETCATALOG_COMPILER_APPICON_NAME = AppIcon;
				INFOPLIST_FILE = Test_iBeaconBroadcast/Info.plist;
				LD_RUNPATH_SEARCH_PATHS = "$(inherited) @executable_path/Frameworks";
				PRODUCT_NAME = "$(TARGET_NAME)";
			};
			name = Debug;
		};
		A033144C1AD0F161007FF290 /* Release */ = {
			isa = XCBuildConfiguration;
			buildSettings = {
				ASSETCATALOG_COMPILER_APPICON_NAME = AppIcon;
				INFOPLIST_FILE = Test_iBeaconBroadcast/Info.plist;
				LD_RUNPATH_SEARCH_PATHS = "$(inherited) @executable_path/Frameworks";
				PRODUCT_NAME = "$(TARGET_NAME)";
			};
			name = Release;
		};
		A033144E1AD0F161007FF290 /* Debug */ = {
			isa = XCBuildConfiguration;
			buildSettings = {
				BUNDLE_LOADER = "$(TEST_HOST)";
				FRAMEWORK_SEARCH_PATHS = (
					"$(SDKROOT)/Developer/Library/Frameworks",
					"$(inherited)",
				);
				GCC_PREPROCESSOR_DEFINITIONS = (
					"DEBUG=1",
					"$(inherited)",
				);
				INFOPLIST_FILE = Test_iBeaconBroadcastTests/Info.plist;
				LD_RUNPATH_SEARCH_PATHS = "$(inherited) @executable_path/Frameworks @loader_path/Frameworks";
				PRODUCT_NAME = "$(TARGET_NAME)";
				TEST_HOST = "$(BUILT_PRODUCTS_DIR)/Test_iBeaconBroadcast.app/Test_iBeaconBroadcast";
			};
			name = Debug;
		};
		A033144F1AD0F161007FF290 /* Release */ = {
			isa = XCBuildConfiguration;
			buildSettings = {
				BUNDLE_LOADER = "$(TEST_HOST)";
				FRAMEWORK_SEARCH_PATHS = (
					"$(SDKROOT)/Developer/Library/Frameworks",
					"$(inherited)",
				);
				INFOPLIST_FILE = Test_iBeaconBroadcastTests/Info.plist;
				LD_RUNPATH_SEARCH_PATHS = "$(inherited) @executable_path/Frameworks @loader_path/Frameworks";
				PRODUCT_NAME = "$(TARGET_NAME)";
				TEST_HOST = "$(BUILT_PRODUCTS_DIR)/Test_iBeaconBroadcast.app/Test_iBeaconBroadcast";
			};
			name = Release;
		};
/* End XCBuildConfiguration section */

/* Begin XCConfigurationList section */
		A03314221AD0F160007FF290 /* Build configuration list for PBXProject "Test_iBeaconBroadcast" */ = {
			isa = XCConfigurationList;
			buildConfigurations = (
				A03314481AD0F161007FF290 /* Debug */,
				A03314491AD0F161007FF290 /* Release */,
			);
			defaultConfigurationIsVisible = 0;
			defaultConfigurationName = Release;
		};
		A033144A1AD0F161007FF290 /* Build configuration list for PBXNativeTarget "Test_iBeaconBroadcast" */ = {
			isa = XCConfigurationList;
			buildConfigurations = (
				A033144B1AD0F161007FF290 /* Debug */,
				A033144C1AD0F161007FF290 /* Release */,
			);
			defaultConfigurationIsVisible = 0;
		};
		A033144D1AD0F161007FF290 /* Build configuration list for PBXNativeTarget "Test_iBeaconBroadcastTests" */ = {
			isa = XCConfigurationList;
			buildConfigurations = (
				A033144E1AD0F161007FF290 /* Debug */,
				A033144F1AD0F161007FF290 /* Release */,
			);
			defaultConfigurationIsVisible = 0;
		};
/* End XCConfigurationList section */
	};
	rootObject = A033141F1AD0F160007FF290 /* Project object */;
}
